
Microsoft Visual Studio Solution File, Format Version 12.00
# Visual Studio Version 16
VisualStudioVersion = 16.0.35026.282
MinimumVisualStudioVersion = 10.0.40219.1
Project("{FAE04EC0-301F-11D3-BF4B-00C04F79EFBC}") = "Single_D_Array", "Single_D_Array\Single_D_Array.csproj", "{AB47FB01-2336-4149-AE33-7719052D911A}"
EndProject
Global
	GlobalSection(SolutionConfigurationPlatforms) = preSolution
		Debug|Any CPU = Debug|Any CPU
		Release|Any CPU = Release|Any CPU
	EndGlobalSection
	GlobalSection(ProjectConfigurationPlatforms) = postSolution
		{AB47FB01-2336-4149-AE33-7719052D911A}.Debug|Any CPU.ActiveCfg = Debug|Any CPU
		{AB47FB01-2336-4149-AE33-7719052D911A}.Debug|Any CPU.Build.0 = Debug|Any CPU
		{AB47FB01-2336-4149-AE33-7719052D911A}.Release|Any CPU.ActiveCfg = Release|Any CPU
		{AB47FB01-2336-4149-AE33-7719052D911A}.Release|Any CPU.Build.0 = Release|Any CPU
	EndGlobalSection
	GlobalSection(SolutionProperties) = preSolution
		HideSolutionNode = FALSE
	EndGlobalSection
	GlobalSection(ExtensibilityGlobals) = postSolution
		SolutionGuid = {42253014-E72D-4B1D-A6E1-D1873A974D5F}
	EndGlobalSection
EndGlobal
