
Microsoft Visual Studio Solution File, Format Version 12.00
# Visual Studio Version 16
VisualStudioVersion = 16.0.35026.282
MinimumVisualStudioVersion = 10.0.40219.1
Project("{FAE04EC0-301F-11D3-BF4B-00C04F79EFBC}") = "Index_Out_Of_Range_Exception", "Index_Out_Of_Range_Exception\Index_Out_Of_Range_Exception.csproj", "{ADC43D67-2909-4FF2-B0CA-0D94BA6C3682}"
EndProject
Global
	GlobalSection(SolutionConfigurationPlatforms) = preSolution
		Debug|Any CPU = Debug|Any CPU
		Release|Any CPU = Release|Any CPU
	EndGlobalSection
	GlobalSection(ProjectConfigurationPlatforms) = postSolution
		{ADC43D67-2909-4FF2-B0CA-0D94BA6C3682}.Debug|Any CPU.ActiveCfg = Debug|Any CPU
		{ADC43D67-2909-4FF2-B0CA-0D94BA6C3682}.Debug|Any CPU.Build.0 = Debug|Any CPU
		{ADC43D67-2909-4FF2-B0CA-0D94BA6C3682}.Release|Any CPU.ActiveCfg = Release|Any CPU
		{ADC43D67-2909-4FF2-B0CA-0D94BA6C3682}.Release|Any CPU.Build.0 = Release|Any CPU
	EndGlobalSection
	GlobalSection(SolutionProperties) = preSolution
		HideSolutionNode = FALSE
	EndGlobalSection
	GlobalSection(ExtensibilityGlobals) = postSolution
		SolutionGuid = {B2F8CB69-7A34-4BF6-8496-06B6BEED8C4A}
	EndGlobalSection
EndGlobal
